// !$*UTF8*$!
{
	archiveVersion = 1;
	classes = {
	};
	objectVersion = 50;
	objects = {

/* Begin PBXBuildFile section */
		9E69961520FA6FA400183FC7 /* AppDelegate.swift in Sources */ = {isa = PBXBuildFile; fileRef = 9E69961420FA6FA400183FC7 /* AppDelegate.swift */; };
		9E69961A20FA6FA400183FC7 /* Main.storyboard in Resources */ = {isa = PBXBuildFile; fileRef = 9E69961820FA6FA400183FC7 /* Main.storyboard */; };
		9E69961C20FA6FA500183FC7 /* Assets.xcassets in Resources */ = {isa = PBXBuildFile; fileRef = 9E69961B20FA6FA500183FC7 /* Assets.xcassets */; };
		9E69961F20FA6FA500183FC7 /* LaunchScreen.storyboard in Resources */ = {isa = PBXBuildFile; fileRef = 9E69961D20FA6FA500183FC7 /* LaunchScreen.storyboard */; };
		9E69962820FA702400183FC7 /* AlbumsViewController.swift in Sources */ = {isa = PBXBuildFile; fileRef = 9E69962720FA702400183FC7 /* AlbumsViewController.swift */; };
		9E69962B20FA709D00183FC7 /* PHPhotoLibrary.swift in Sources */ = {isa = PBXBuildFile; fileRef = 9E69962A20FA709D00183FC7 /* PHPhotoLibrary.swift */; };
		9E69962F20FA712300183FC7 /* UIViewController.swift in Sources */ = {isa = PBXBuildFile; fileRef = 9E69962E20FA712300183FC7 /* UIViewController.swift */; };
		9E69963220FA715200183FC7 /* AlertMessage.swift in Sources */ = {isa = PBXBuildFile; fileRef = 9E69963120FA715200183FC7 /* AlertMessage.swift */; };
		9E69963420FA754F00183FC7 /* PHAssetCollection.swift in Sources */ = {isa = PBXBuildFile; fileRef = 9E69963320FA754F00183FC7 /* PHAssetCollection.swift */; };
		9E69963620FA759100183FC7 /* PHAsset.swift in Sources */ = {isa = PBXBuildFile; fileRef = 9E69963520FA759100183FC7 /* PHAsset.swift */; };
		9E69963D20FA766000183FC7 /* AlbumCollectionViewCell.swift in Sources */ = {isa = PBXBuildFile; fileRef = 9E69963B20FA766000183FC7 /* AlbumCollectionViewCell.swift */; };
		9E69963E20FA766000183FC7 /* AlbumCollectionViewCell.xib in Resources */ = {isa = PBXBuildFile; fileRef = 9E69963C20FA766000183FC7 /* AlbumCollectionViewCell.xib */; };
		9E69964020FA7B7D00183FC7 /* PhotosViewController.swift in Sources */ = {isa = PBXBuildFile; fileRef = 9E69963F20FA7B7D00183FC7 /* PhotosViewController.swift */; };
		9E69964220FA7BF100183FC7 /* UIStoryboard.swift in Sources */ = {isa = PBXBuildFile; fileRef = 9E69964120FA7BF100183FC7 /* UIStoryboard.swift */; };
		9E69964520FAA8A300183FC7 /* PhoteoCollectionViewCell.swift in Sources */ = {isa = PBXBuildFile; fileRef = 9E69964320FAA8A300183FC7 /* PhoteoCollectionViewCell.swift */; };
		9E69964620FAA8A300183FC7 /* PhoteoCollectionViewCell.xib in Resources */ = {isa = PBXBuildFile; fileRef = 9E69964420FAA8A300183FC7 /* PhoteoCollectionViewCell.xib */; };
		9E69964820FAAA7B00183FC7 /* UIView.swift in Sources */ = {isa = PBXBuildFile; fileRef = 9E69964720FAAA7B00183FC7 /* UIView.swift */; };
/* End PBXBuildFile section */

/* Begin PBXFileReference section */
		9E69961120FA6FA400183FC7 /* CustomGallery.app */ = {isa = PBXFileReference; explicitFileType = wrapper.application; includeInIndex = 0; path = CustomGallery.app; sourceTree = BUILT_PRODUCTS_DIR; };
		9E69961420FA6FA400183FC7 /* AppDelegate.swift */ = {isa = PBXFileReference; lastKnownFileType = sourcecode.swift; path = AppDelegate.swift; sourceTree = "<group>"; };
		9E69961920FA6FA400183FC7 /* Base */ = {isa = PBXFileReference; lastKnownFileType = file.storyboard; name = Base; path = Base.lproj/Main.storyboard; sourceTree = "<group>"; };
		9E69961B20FA6FA500183FC7 /* Assets.xcassets */ = {isa = PBXFileReference; lastKnownFileType = folder.assetcatalog; path = Assets.xcassets; sourceTree = "<group>"; };
		9E69961E20FA6FA500183FC7 /* Base */ = {isa = PBXFileReference; lastKnownFileType = file.storyboard; name = Base; path = Base.lproj/LaunchScreen.storyboard; sourceTree = "<group>"; };
		9E69962020FA6FA500183FC7 /* Info.plist */ = {isa = PBXFileReference; lastKnownFileType = text.plist.xml; path = Info.plist; sourceTree = "<group>"; };
		9E69962720FA702400183FC7 /* AlbumsViewController.swift */ = {isa = PBXFileReference; lastKnownFileType = sourcecode.swift; path = AlbumsViewController.swift; sourceTree = "<group>"; };
		9E69962A20FA709D00183FC7 /* PHPhotoLibrary.swift */ = {isa = PBXFileReference; lastKnownFileType = sourcecode.swift; path = PHPhotoLibrary.swift; sourceTree = "<group>"; };
		9E69962E20FA712300183FC7 /* UIViewController.swift */ = {isa = PBXFileReference; lastKnownFileType = sourcecode.swift; path = UIViewController.swift; sourceTree = "<group>"; };
		9E69963120FA715200183FC7 /* AlertMessage.swift */ = {isa = PBXFileReference; lastKnownFileType = sourcecode.swift; path = AlertMessage.swift; sourceTree = "<group>"; };
		9E69963320FA754F00183FC7 /* PHAssetCollection.swift */ = {isa = PBXFileReference; lastKnownFileType = sourcecode.swift; path = PHAssetCollection.swift; sourceTree = "<group>"; };
		9E69963520FA759100183FC7 /* PHAsset.swift */ = {isa = PBXFileReference; lastKnownFileType = sourcecode.swift; path = PHAsset.swift; sourceTree = "<group>"; };
		9E69963B20FA766000183FC7 /* AlbumCollectionViewCell.swift */ = {isa = PBXFileReference; lastKnownFileType = sourcecode.swift; path = AlbumCollectionViewCell.swift; sourceTree = "<group>"; };
		9E69963C20FA766000183FC7 /* AlbumCollectionViewCell.xib */ = {isa = PBXFileReference; lastKnownFileType = file.xib; path = AlbumCollectionViewCell.xib; sourceTree = "<group>"; };
		9E69963F20FA7B7D00183FC7 /* PhotosViewController.swift */ = {isa = PBXFileReference; lastKnownFileType = sourcecode.swift; path = PhotosViewController.swift; sourceTree = "<group>"; };
		9E69964120FA7BF100183FC7 /* UIStoryboard.swift */ = {isa = PBXFileReference; lastKnownFileType = sourcecode.swift; path = UIStoryboard.swift; sourceTree = "<group>"; };
		9E69964320FAA8A300183FC7 /* PhoteoCollectionViewCell.swift */ = {isa = PBXFileReference; lastKnownFileType = sourcecode.swift; path = PhoteoCollectionViewCell.swift; sourceTree = "<group>"; };
		9E69964420FAA8A300183FC7 /* PhoteoCollectionViewCell.xib */ = {isa = PBXFileReference; lastKnownFileType = file.xib; path = PhoteoCollectionViewCell.xib; sourceTree = "<group>"; };
		9E69964720FAAA7B00183FC7 /* UIView.swift */ = {isa = PBXFileReference; lastKnownFileType = sourcecode.swift; path = UIView.swift; sourceTree = "<group>"; };
/* End PBXFileReference section */

/* Begin PBXFrameworksBuildPhase section */
		9E69960E20FA6FA400183FC7 /* Frameworks */ = {
			isa = PBXFrameworksBuildPhase;
			buildActionMask = 2147483647;
			files = (
			);
			runOnlyForDeploymentPostprocessing = 0;
		};
/* End PBXFrameworksBuildPhase section */

/* Begin PBXGroup section */
		9E69960820FA6FA400183FC7 = {
			isa = PBXGroup;
			children = (
				9E69961320FA6FA400183FC7 /* CustomGallery */,
				9E69961220FA6FA400183FC7 /* Products */,
			);
			sourceTree = "<group>";
		};
		9E69961220FA6FA400183FC7 /* Products */ = {
			isa = PBXGroup;
			children = (
				9E69961120FA6FA400183FC7 /* CustomGallery.app */,
			);
			name = Products;
			sourceTree = "<group>";
		};
		9E69961320FA6FA400183FC7 /* CustomGallery */ = {
			isa = PBXGroup;
			children = (
				9E69963820FA762200183FC7 /* AppDelegate */,
				9E69962920FA708600183FC7 /* Extensions */,
				9E69963020FA713500183FC7 /* Models */,
				9E69962620FA700F00183FC7 /* ViewControllers */,
				9E69963720FA761500183FC7 /* Views */,
				9E69961820FA6FA400183FC7 /* Main.storyboard */,
				9E69961B20FA6FA500183FC7 /* Assets.xcassets */,
				9E69961D20FA6FA500183FC7 /* LaunchScreen.storyboard */,
				9E69962020FA6FA500183FC7 /* Info.plist */,
			);
			path = CustomGallery;
			sourceTree = "<group>";
		};
		9E69962620FA700F00183FC7 /* ViewControllers */ = {
			isa = PBXGroup;
			children = (
				9E69962720FA702400183FC7 /* AlbumsViewController.swift */,
				9E69963F20FA7B7D00183FC7 /* PhotosViewController.swift */,
			);
			path = ViewControllers;
			sourceTree = "<group>";
		};
		9E69962920FA708600183FC7 /* Extensions */ = {
			isa = PBXGroup;
			children = (
				9E69962D20FA70FE00183FC7 /* Photo */,
				9E69962C20FA70F800183FC7 /* UI */,
			);
			path = Extensions;
			sourceTree = "<group>";
		};
		9E69962C20FA70F800183FC7 /* UI */ = {
			isa = PBXGroup;
			children = (
				9E69964120FA7BF100183FC7 /* UIStoryboard.swift */,
				9E69962E20FA712300183FC7 /* UIViewController.swift */,
				9E69964720FAAA7B00183FC7 /* UIView.swift */,
			);
			path = UI;
			sourceTree = "<group>";
		};
		9E69962D20FA70FE00183FC7 /* Photo */ = {
			isa = PBXGroup;
			children = (
				9E69962A20FA709D00183FC7 /* PHPhotoLibrary.swift */,
				9E69963320FA754F00183FC7 /* PHAssetCollection.swift */,
				9E69963520FA759100183FC7 /* PHAsset.swift */,
			);
			path = Photo;
			sourceTree = "<group>";
		};
		9E69963020FA713500183FC7 /* Models */ = {
			isa = PBXGroup;
			children = (
				9E69963120FA715200183FC7 /* AlertMessage.swift */,
			);
			path = Models;
			sourceTree = "<group>";
		};
		9E69963720FA761500183FC7 /* Views */ = {
			isa = PBXGroup;
			children = (
				9E69963920FA763100183FC7 /* CollectionView */,
			);
			path = Views;
			sourceTree = "<group>";
		};
		9E69963820FA762200183FC7 /* AppDelegate */ = {
			isa = PBXGroup;
			children = (
				9E69961420FA6FA400183FC7 /* AppDelegate.swift */,
			);
			path = AppDelegate;
			sourceTree = "<group>";
		};
		9E69963920FA763100183FC7 /* CollectionView */ = {
			isa = PBXGroup;
			children = (
				9E69963A20FA763B00183FC7 /* Cells */,
			);
			path = CollectionView;
			sourceTree = "<group>";
		};
		9E69963A20FA763B00183FC7 /* Cells */ = {
			isa = PBXGroup;
			children = (
				9E69963B20FA766000183FC7 /* AlbumCollectionViewCell.swift */,
				9E69963C20FA766000183FC7 /* AlbumCollectionViewCell.xib */,
				9E69964320FAA8A300183FC7 /* PhoteoCollectionViewCell.swift */,
				9E69964420FAA8A300183FC7 /* PhoteoCollectionViewCell.xib */,
			);
			path = Cells;
			sourceTree = "<group>";
		};
/* End PBXGroup section */

/* Begin PBXNativeTarget section */
		9E69961020FA6FA400183FC7 /* CustomGallery */ = {
			isa = PBXNativeTarget;
			buildConfigurationList = 9E69962320FA6FA500183FC7 /* Build configuration list for PBXNativeTarget "CustomGallery" */;
			buildPhases = (
				9E69960D20FA6FA400183FC7 /* Sources */,
				9E69960E20FA6FA400183FC7 /* Frameworks */,
				9E69960F20FA6FA400183FC7 /* Resources */,
			);
			buildRules = (
			);
			dependencies = (
			);
			name = CustomGallery;
			productName = CustomGallery;
			productReference = 9E69961120FA6FA400183FC7 /* CustomGallery.app */;
			productType = "com.apple.product-type.application";
		};
/* End PBXNativeTarget section */

/* Begin PBXProject section */
		9E69960920FA6FA400183FC7 /* Project object */ = {
			isa = PBXProject;
			attributes = {
				LastSwiftUpdateCheck = 0940;
				LastUpgradeCheck = 0940;
				ORGANIZATIONNAME = "Pavle Pesic";
				TargetAttributes = {
					9E69961020FA6FA400183FC7 = {
						CreatedOnToolsVersion = 9.4.1;
					};
				};
			};
			buildConfigurationList = 9E69960C20FA6FA400183FC7 /* Build configuration list for PBXProject "CustomGallery" */;
			compatibilityVersion = "Xcode 9.3";
			developmentRegion = en;
			hasScannedForEncodings = 0;
			knownRegions = (
				en,
				Base,
			);
			mainGroup = 9E69960820FA6FA400183FC7;
			productRefGroup = 9E69961220FA6FA400183FC7 /* Products */;
			projectDirPath = "";
			projectRoot = "";
			targets = (
				9E69961020FA6FA400183FC7 /* CustomGallery */,
			);
		};
/* End PBXProject section */

/* Begin PBXResourcesBuildPhase section */
		9E69960F20FA6FA400183FC7 /* Resources */ = {
			isa = PBXResourcesBuildPhase;
			buildActionMask = 2147483647;
			files = (
				9E69963E20FA766000183FC7 /* AlbumCollectionViewCell.xib in Resources */,
				9E69961F20FA6FA500183FC7 /* LaunchScreen.storyboard in Resources */,
				9E69961C20FA6FA500183FC7 /* Assets.xcassets in Resources */,
				9E69964620FAA8A300183FC7 /* PhoteoCollectionViewCell.xib in Resources */,
				9E69961A20FA6FA400183FC7 /* Main.storyboard in Resources */,
			);
			runOnlyForDeploymentPostprocessing = 0;
		};
/* End PBXResourcesBuildPhase section */

/* Begin PBXSourcesBuildPhase section */
		9E69960D20FA6FA400183FC7 /* Sources */ = {
			isa = PBXSourcesBuildPhase;
			buildActionMask = 2147483647;
			files = (
				9E69964020FA7B7D00183FC7 /* PhotosViewController.swift in Sources */,
				9E69963D20FA766000183FC7 /* AlbumCollectionViewCell.swift in Sources */,
				9E69962820FA702400183FC7 /* AlbumsViewController.swift in Sources */,
				9E69963620FA759100183FC7 /* PHAsset.swift in Sources */,
				9E69964820FAAA7B00183FC7 /* UIView.swift in Sources */,
				9E69963220FA715200183FC7 /* AlertMessage.swift in Sources */,
				9E69963420FA754F00183FC7 /* PHAssetCollection.swift in Sources */,
				9E69964220FA7BF100183FC7 /* UIStoryboard.swift in Sources */,
				9E69962B20FA709D00183FC7 /* PHPhotoLibrary.swift in Sources */,
				9E69964520FAA8A300183FC7 /* PhoteoCollectionViewCell.swift in Sources */,
				9E69962F20FA712300183FC7 /* UIViewController.swift in Sources */,
				9E69961520FA6FA400183FC7 /* AppDelegate.swift in Sources */,
			);
			runOnlyForDeploymentPostprocessing = 0;
		};
/* End PBXSourcesBuildPhase section */

/* Begin PBXVariantGroup section */
		9E69961820FA6FA400183FC7 /* Main.storyboard */ = {
			isa = PBXVariantGroup;
			children = (
				9E69961920FA6FA400183FC7 /* Base */,
			);
			name = Main.storyboard;
			sourceTree = "<group>";
		};
		9E69961D20FA6FA500183FC7 /* LaunchScreen.storyboard */ = {
			isa = PBXVariantGroup;
			children = (
				9E69961E20FA6FA500183FC7 /* Base */,
			);
			name = LaunchScreen.storyboard;
			sourceTree = "<group>";
		};
/* End PBXVariantGroup section */

/* Begin XCBuildConfiguration section */
		9E69962120FA6FA500183FC7 /* Debug */ = {
			isa = XCBuildConfiguration;
			buildSettings = {
				ALWAYS_SEARCH_USER_PATHS = NO;
				CLANG_ANALYZER_NONNULL = YES;
				CLANG_ANALYZER_NUMBER_OBJECT_CONVERSION = YES_AGGRESSIVE;
				CLANG_CXX_LANGUAGE_STANDARD = "gnu++14";
				CLANG_CXX_LIBRARY = "libc++";
				CLANG_ENABLE_MODULES = YES;
				CLANG_ENABLE_OBJC_ARC = YES;
				CLANG_ENABLE_OBJC_WEAK = YES;
				CLANG_WARN_BLOCK_CAPTURE_AUTORELEASING = YES;
				CLANG_WARN_BOOL_CONVERSION = YES;
				CLANG_WARN_COMMA = YES;
				CLANG_WARN_CONSTANT_CONVERSION = YES;
				CLANG_WARN_DEPRECATED_OBJC_IMPLEMENTATIONS = YES;
				CLANG_WARN_DIRECT_OBJC_ISA_USAGE = YES_ERROR;
				CLANG_WARN_DOCUMENTATION_COMMENTS = YES;
				CLANG_WARN_EMPTY_BODY = YES;
				CLANG_WARN_ENUM_CONVERSION = YES;
				CLANG_WARN_INFINITE_RECURSION = YES;
				CLANG_WARN_INT_CONVERSION = YES;
				CLANG_WARN_NON_LITERAL_NULL_CONVERSION = YES;
				CLANG_WARN_OBJC_IMPLICIT_RETAIN_SELF = YES;
				CLANG_WARN_OBJC_LITERAL_CONVERSION = YES;
				CLANG_WARN_OBJC_ROOT_CLASS = YES_ERROR;
				CLANG_WARN_RANGE_LOOP_ANALYSIS = YES;
				CLANG_WARN_STRICT_PROTOTYPES = YES;
				CLANG_WARN_SUSPICIOUS_MOVE = YES;
				CLANG_WARN_UNGUARDED_AVAILABILITY = YES_AGGRESSIVE;
				CLANG_WARN_UNREACHABLE_CODE = YES;
				CLANG_WARN__DUPLICATE_METHOD_MATCH = YES;
				CODE_SIGN_IDENTITY = "iPhone Developer";
				COPY_PHASE_STRIP = NO;
				DEBUG_INFORMATION_FORMAT = dwarf;
				ENABLE_STRICT_OBJC_MSGSEND = YES;
				ENABLE_TESTABILITY = YES;
				GCC_C_LANGUAGE_STANDARD = gnu11;
				GCC_DYNAMIC_NO_PIC = NO;
				GCC_NO_COMMON_BLOCKS = YES;
				GCC_OPTIMIZATION_LEVEL = 0;
				GCC_PREPROCESSOR_DEFINITIONS = (
					"DEBUG=1",
					"$(inherited)",
				);
				GCC_WARN_64_TO_32_BIT_CONVERSION = YES;
				GCC_WARN_ABOUT_RETURN_TYPE = YES_ERROR;
				GCC_WARN_UNDECLARED_SELECTOR = YES;
				GCC_WARN_UNINITIALIZED_AUTOS = YES_AGGRESSIVE;
				GCC_WARN_UNUSED_FUNCTION = YES;
				GCC_WARN_UNUSED_VARIABLE = YES;
				IPHONEOS_DEPLOYMENT_TARGET = 11.4;
				MTL_ENABLE_DEBUG_INFO = YES;
				ONLY_ACTIVE_ARCH = YES;
				SDKROOT = iphoneos;
				SWIFT_ACTIVE_COMPILATION_CONDITIONS = DEBUG;
				SWIFT_OPTIMIZATION_LEVEL = "-Onone";
			};
			name = Debug;
		};
		9E69962220FA6FA500183FC7 /* Release */ = {
			isa = XCBuildConfiguration;
			buildSettings = {
				ALWAYS_SEARCH_USER_PATHS = NO;
				CLANG_ANALYZER_NONNULL = YES;
				CLANG_ANALYZER_NUMBER_OBJECT_CONVERSION = YES_AGGRESSIVE;
				CLANG_CXX_LANGUAGE_STANDARD = "gnu++14";
				CLANG_CXX_LIBRARY = "libc++";
				CLANG_ENABLE_MODULES = YES;
				CLANG_ENABLE_OBJC_ARC = YES;
				CLANG_ENABLE_OBJC_WEAK = YES;
				CLANG_WARN_BLOCK_CAPTURE_AUTORELEASING = YES;
				CLANG_WARN_BOOL_CONVERSION = YES;
				CLANG_WARN_COMMA = YES;
				CLANG_WARN_CONSTANT_CONVERSION = YES;
				CLANG_WARN_DEPRECATED_OBJC_IMPLEMENTATIONS = YES;
				CLANG_WARN_DIRECT_OBJC_ISA_USAGE = YES_ERROR;
				CLANG_WARN_DOCUMENTATION_COMMENTS = YES;
				CLANG_WARN_EMPTY_BODY = YES;
				CLANG_WARN_ENUM_CONVERSION = YES;
				CLANG_WARN_INFINITE_RECURSION = YES;
				CLANG_WARN_INT_CONVERSION = YES;
				CLANG_WARN_NON_LITERAL_NULL_CONVERSION = YES;
				CLANG_WARN_OBJC_IMPLICIT_RETAIN_SELF = YES;
				CLANG_WARN_OBJC_LITERAL_CONVERSION = YES;
				CLANG_WARN_OBJC_ROOT_CLASS = YES_ERROR;
				CLANG_WARN_RANGE_LOOP_ANALYSIS = YES;
				CLANG_WARN_STRICT_PROTOTYPES = YES;
				CLANG_WARN_SUSPICIOUS_MOVE = YES;
				CLANG_WARN_UNGUARDED_AVAILABILITY = YES_AGGRESSIVE;
				CLANG_WARN_UNREACHABLE_CODE = YES;
				CLANG_WARN__DUPLICATE_METHOD_MATCH = YES;
				CODE_SIGN_IDENTITY = "iPhone Developer";
				COPY_PHASE_STRIP = NO;
				DEBUG_INFORMATION_FORMAT = "dwarf-with-dsym";
				ENABLE_NS_ASSERTIONS = NO;
				ENABLE_STRICT_OBJC_MSGSEND = YES;
				GCC_C_LANGUAGE_STANDARD = gnu11;
				GCC_NO_COMMON_BLOCKS = YES;
				GCC_WARN_64_TO_32_BIT_CONVERSION = YES;
				GCC_WARN_ABOUT_RETURN_TYPE = YES_ERROR;
				GCC_WARN_UNDECLARED_SELECTOR = YES;
				GCC_WARN_UNINITIALIZED_AUTOS = YES_AGGRESSIVE;
				GCC_WARN_UNUSED_FUNCTION = YES;
				GCC_WARN_UNUSED_VARIABLE = YES;
				IPHONEOS_DEPLOYMENT_TARGET = 11.4;
				MTL_ENABLE_DEBUG_INFO = NO;
				SDKROOT = iphoneos;
				SWIFT_COMPILATION_MODE = wholemodule;
				SWIFT_OPTIMIZATION_LEVEL = "-O";
				VALIDATE_PRODUCT = YES;
			};
			name = Release;
		};
		9E69962420FA6FA500183FC7 /* Debug */ = {
			isa = XCBuildConfiguration;
			buildSettings = {
				ASSETCATALOG_COMPILER_APPICON_NAME = AppIcon;
				CODE_SIGN_STYLE = Automatic;
				DEVELOPMENT_TEAM = 8T34DGRKY9;
				INFOPLIST_FILE = CustomGallery/Info.plist;
				IPHONEOS_DEPLOYMENT_TARGET = 11.0;
				LD_RUNPATH_SEARCH_PATHS = (
					"$(inherited)",
					"@executable_path/Frameworks",
				);
				PRODUCT_BUNDLE_IDENTIFIER = PakiSoft.CustomGallery;
				PRODUCT_NAME = "$(TARGET_NAME)";
				SWIFT_VERSION = 4.0;
				TARGETED_DEVICE_FAMILY = "1,2";
			};
			name = Debug;
		};
		9E69962520FA6FA500183FC7 /* Release */ = {
			isa = XCBuildConfiguration;
			buildSettings = {
				ASSETCATALOG_COMPILER_APPICON_NAME = AppIcon;
				CODE_SIGN_STYLE = Automatic;
				DEVELOPMENT_TEAM = 8T34DGRKY9;
				INFOPLIST_FILE = CustomGallery/Info.plist;
				IPHONEOS_DEPLOYMENT_TARGET = 11.0;
				LD_RUNPATH_SEARCH_PATHS = (
					"$(inherited)",
					"@executable_path/Frameworks",
				);
				PRODUCT_BUNDLE_IDENTIFIER = PakiSoft.CustomGallery;
				PRODUCT_NAME = "$(TARGET_NAME)";
				SWIFT_VERSION = 4.0;
				TARGETED_DEVICE_FAMILY = "1,2";
			};
			name = Release;
		};
/* End XCBuildConfiguration section */

/* Begin XCConfigurationList section */
		9E69960C20FA6FA400183FC7 /* Build configuration list for PBXProject "CustomGallery" */ = {
			isa = XCConfigurationList;
			buildConfigurations = (
				9E69962120FA6FA500183FC7 /* Debug */,
				9E69962220FA6FA500183FC7 /* Release */,
			);
			defaultConfigurationIsVisible = 0;
			defaultConfigurationName = Release;
		};
		9E69962320FA6FA500183FC7 /* Build configuration list for PBXNativeTarget "CustomGallery" */ = {
			isa = XCConfigurationList;
			buildConfigurations = (
				9E69962420FA6FA500183FC7 /* Debug */,
				9E69962520FA6FA500183FC7 /* Release */,
			);
			defaultConfigurationIsVisible = 0;
			defaultConfigurationName = Release;
		};
/* End XCConfigurationList section */
	};
	rootObject = 9E69960920FA6FA400183FC7 /* Project object */;
}
